{
  "projects": [
    {
      "projectId": "eiC1VCbma8t6iMexZerqLa",
      "version": "5.14.0",
      "dependencies": {},
      "lang": "js",
      "fileLocks": [
        {
          "assetId": "eiC1VCbma8t6iMexZerqLa",
          "type": "projectCss",
          "checksum": "ca7a7a306fb5a825be965388292c23ac"
        },
        {
          "assetId": "eiC1VCbma8t6iMexZerqLa",
          "checksum": "e732fbb74d3376c409f438fc80adf516",
          "type": "globalContexts"
        }
      ],
      "codegenVersion": "0.0.1"
    },
    {
      "projectId": "xp1p7dmg329XVLHyuEUxD2",
      "version": "11.16.0",
      "dependencies": {},
      "lang": "js",
      "fileLocks": [
        {
          "assetId": "xp1p7dmg329XVLHyuEUxD2",
          "type": "projectCss",
          "checksum": "1b891cf9539f1db972dc4163ae1172e9"
        }
      ],
      "codegenVersion": "0.0.1"
    },
    {
      "projectId": "oEu39c8WZuPtSHP9YhujE1",
      "version": "latest",
      "dependencies": {
        "xp1p7dmg329XVLHyuEUxD2": "11.16.0",
        "eiC1VCbma8t6iMexZerqLa": "5.14.0"
      },
      "lang": "js",
      "fileLocks": [
        {
          "type": "globalVariant",
          "assetId": "Y-07UI0yi7kc10",
          "checksum": "924080de3f50f2d4411c92ecc30d61dc"
        },
        {
          "assetId": "oEu39c8WZuPtSHP9YhujE1",
          "checksum": "10915cb785ed6a8e4364b216bc72b8be",
          "type": "globalContexts"
        },
        {
          "type": "renderModule",
          "assetId": "sxxN308yjLrDI",
          "checksum": "f293bfc3d128c8eb81ef930f78252000"
        },
        {
          "type": "cssRules",
          "assetId": "sxxN308yjLrDI",
          "checksum": "f293bfc3d128c8eb81ef930f78252000"
        },
        {
          "type": "renderModule",
          "assetId": "VK-SGWzVbASePV",
          "checksum": "ea524e373d159e37ac502a2a988d2910"
        },
        {
          "type": "cssRules",
          "assetId": "VK-SGWzVbASePV",
          "checksum": "ea524e373d159e37ac502a2a988d2910"
        },
        {
          "type": "renderModule",
          "assetId": "qRrlAql5CMDSfE",
          "checksum": "148485f94c5270b4a967966898441951"
        },
        {
          "type": "cssRules",
          "assetId": "qRrlAql5CMDSfE",
          "checksum": "148485f94c5270b4a967966898441951"
        },
        {
          "type": "renderModule",
          "assetId": "zMLjntuNQvHvEv",
          "checksum": "3d1a6a12b293b4b23fb34014a754b23e"
        },
        {
          "type": "cssRules",
          "assetId": "zMLjntuNQvHvEv",
          "checksum": "3d1a6a12b293b4b23fb34014a754b23e"
        },
        {
          "type": "renderModule",
          "assetId": "zvOWc_DFo_HVnj",
          "checksum": "cabb930645902517a57ec8c930a6e9d9"
        },
        {
          "type": "cssRules",
          "assetId": "zvOWc_DFo_HVnj",
          "checksum": "cabb930645902517a57ec8c930a6e9d9"
        },
        {
          "type": "renderModule",
          "assetId": "0Wk7JhBML7RLpE",
          "checksum": "27166d091591d97505c7cb4b0ab866ba"
        },
        {
          "type": "cssRules",
          "assetId": "0Wk7JhBML7RLpE",
          "checksum": "27166d091591d97505c7cb4b0ab866ba"
        },
        {
          "type": "renderModule",
          "assetId": "X5mJLf_DA_AeMu",
          "checksum": "46eb5569395988ffc7f8b691e5fb5963"
        },
        {
          "type": "cssRules",
          "assetId": "X5mJLf_DA_AeMu",
          "checksum": "46eb5569395988ffc7f8b691e5fb5963"
        },
        {
          "type": "renderModule",
          "assetId": "6Ep2EnSSEFe0EZ",
          "checksum": "735be8ca85ec2946362d105f07c1af55"
        },
        {
          "type": "cssRules",
          "assetId": "6Ep2EnSSEFe0EZ",
          "checksum": "735be8ca85ec2946362d105f07c1af55"
        },
        {
          "type": "renderModule",
          "assetId": "6bcOMrmLGau9wo",
          "checksum": "ea923405b58c799e729262893ff88391"
        },
        {
          "type": "cssRules",
          "assetId": "6bcOMrmLGau9wo",
          "checksum": "ea923405b58c799e729262893ff88391"
        },
        {
          "type": "renderModule",
          "assetId": "9R-LzoVWzkpR3P",
          "checksum": "d93605ad6ba62c3cda2535ed228e16fb"
        },
        {
          "type": "cssRules",
          "assetId": "9R-LzoVWzkpR3P",
          "checksum": "d93605ad6ba62c3cda2535ed228e16fb"
        },
        {
          "type": "renderModule",
          "assetId": "S8dnZHJc9RXkuM",
          "checksum": "9c1e1febb04aa20f8b8350c67f5f2f86"
        },
        {
          "type": "cssRules",
          "assetId": "S8dnZHJc9RXkuM",
          "checksum": "9c1e1febb04aa20f8b8350c67f5f2f86"
        },
        {
          "type": "renderModule",
          "assetId": "xEinRWz90wfPAv",
          "checksum": "3125118f6926be8f0c99458956a21f1b"
        },
        {
          "type": "cssRules",
          "assetId": "xEinRWz90wfPAv",
          "checksum": "3125118f6926be8f0c99458956a21f1b"
        },
        {
          "type": "renderModule",
          "assetId": "yksKzv0YlLUoYS",
          "checksum": "7db257d67418f199fb7dd842cc9609c7"
        },
        {
          "type": "cssRules",
          "assetId": "yksKzv0YlLUoYS",
          "checksum": "7db257d67418f199fb7dd842cc9609c7"
        },
        {
          "type": "renderModule",
          "assetId": "LvSe3B2eVO9GMc",
          "checksum": "7acfd486c6ee0467d1b7355ac003668f"
        },
        {
          "type": "cssRules",
          "assetId": "LvSe3B2eVO9GMc",
          "checksum": "7acfd486c6ee0467d1b7355ac003668f"
        },
        {
          "type": "renderModule",
          "assetId": "nCW-Vf4-l4BQgx",
          "checksum": "82ead364be3f1814bdd53fa58d0a1c08"
        },
        {
          "type": "cssRules",
          "assetId": "nCW-Vf4-l4BQgx",
          "checksum": "82ead364be3f1814bdd53fa58d0a1c08"
        },
        {
          "type": "renderModule",
          "assetId": "YvS6W_85AJ92pG",
          "checksum": "564b40dcec3ba9423a2cfa8171801400"
        },
        {
          "type": "cssRules",
          "assetId": "YvS6W_85AJ92pG",
          "checksum": "564b40dcec3ba9423a2cfa8171801400"
        },
        {
          "type": "renderModule",
          "assetId": "LszDXV334wwDS3",
          "checksum": "07d852bf3d35afe3cc4578c18e490f47"
        },
        {
          "type": "cssRules",
          "assetId": "LszDXV334wwDS3",
          "checksum": "07d852bf3d35afe3cc4578c18e490f47"
        },
        {
          "type": "renderModule",
          "assetId": "DR_CdaEAU-tYbd",
          "checksum": "6871f007f65aa973f998bb6a7488fa21"
        },
        {
          "type": "cssRules",
          "assetId": "DR_CdaEAU-tYbd",
          "checksum": "6871f007f65aa973f998bb6a7488fa21"
        },
        {
          "type": "icon",
          "assetId": "x57DJNrogX4P9B",
          "checksum": "724c2a2001394a9b05a972c64fed5efa"
        },
        {
          "type": "icon",
          "assetId": "YQGuOKh4QJSf8n",
          "checksum": "8058390cb53ac4903650aa58edd26db3"
        },
        {
          "type": "icon",
          "assetId": "4JTFHevUg9JKIp",
          "checksum": "c7a7ae05fc0e8f13f41acc6c1c15415f"
        },
        {
          "type": "icon",
          "assetId": "yUZv-n7BbGy7Rv",
          "checksum": "7b3f8fc027b4e6adb250f41cfadaeb7f"
        },
        {
          "type": "icon",
          "assetId": "-lBdOn8B-3badT",
          "checksum": "73c1d147ab2fcd58c4fb3f64b3be0469"
        },
        {
          "type": "icon",
          "assetId": "bs_m76lUmg7JvX",
          "checksum": "73652e96cf07d7c4d1a087c67e4106fa"
        },
        {
          "type": "icon",
          "assetId": "L2QhTkvpMohT5q",
          "checksum": "4862686cf9e4298213c281a79b79efcf"
        },
        {
          "type": "icon",
          "assetId": "WZSba1igUdgIDI",
          "checksum": "f47e95a209636c3753e990f367167cda"
        },
        {
          "type": "icon",
          "assetId": "4XmmIDaGhfdK_-",
          "checksum": "bde0e341989fa98436dbecb01585fdd1"
        },
        {
          "type": "icon",
          "assetId": "waAPXaAWEPm2br",
          "checksum": "21688ab1010465b49e3e8a70d417a310"
        },
        {
          "type": "icon",
          "assetId": "ynGyyHU9cNAVgi",
          "checksum": "ae489ad357316397c5d8b069843f2084"
        },
        {
          "type": "icon",
          "assetId": "qtJVdnZFBgVqb2",
          "checksum": "35639da583dfdd188b071437e36ff34b"
        },
        {
          "type": "icon",
          "assetId": "0tIJVmNkquWRPH",
          "checksum": "1ba0881c40f844d44e0be5ddc2595016"
        },
        {
          "type": "icon",
          "assetId": "zok6-TaseJQYNi",
          "checksum": "3cad954309bf898675aae74b83e317a2"
        },
        {
          "type": "icon",
          "assetId": "WQS75cu11z4TcN",
          "checksum": "5f247818361fa4178c38f23f6bcae2a3"
        },
        {
          "type": "icon",
          "assetId": "CPSuIlHXnQqe5b",
          "checksum": "fb77558f167c3e663e44ece57022620e"
        },
        {
          "type": "icon",
          "assetId": "2EP4P4UVA7-SKF",
          "checksum": "795985a7e43f30982819504ffee67059"
        },
        {
          "type": "icon",
          "assetId": "MdoOgA8bbzHf7q",
          "checksum": "0c3cdaeb66ed1197b48977cf8cbd643a"
        },
        {
          "type": "icon",
          "assetId": "cFPxoPlzq37eA_",
          "checksum": "ee9ba5d4aeaa385782208475e4dd034b"
        },
        {
          "type": "icon",
          "assetId": "CJ23Xo0gM4jty0",
          "checksum": "162b04ffeba958fd220a0b418f604b77"
        },
        {
          "type": "icon",
          "assetId": "srJ5fTC5qhyVZI",
          "checksum": "f1af24aab78a3543a17738bcfe10035b"
        },
        {
          "type": "icon",
          "assetId": "uqzuf5hfh4Vz21",
          "checksum": "ced21b2dc8b4e436faffb87550377adb"
        },
        {
          "type": "icon",
          "assetId": "-0L42B16S2Tnq7",
          "checksum": "c9c4ab2f92761b79facbfa51c09df90b"
        },
        {
          "type": "icon",
          "assetId": "nC2K9rZhCBp1p7",
          "checksum": "45f19eeda975f1576982ef4f01baba93"
        },
        {
          "type": "icon",
          "assetId": "Bcg_Y5ikL43uZp",
          "checksum": "d30c473d0a8dd43e020208a48419fde0"
        },
        {
          "type": "icon",
          "assetId": "-GZcZU_7J-r32X",
          "checksum": "07dbbe314aa2818323a774fb032f76dc"
        },
        {
          "type": "icon",
          "assetId": "JtjCZ6lnaKgwzE",
          "checksum": "40088dcc66fa0d039dbe27b868d2c50e"
        },
        {
          "type": "icon",
          "assetId": "iqx4qXqBnVMBc7",
          "checksum": "2f06b68fd695e98c10f6aeb49fca764c"
        },
        {
          "type": "icon",
          "assetId": "u1gVQnGm5V2oKu",
          "checksum": "7bde8228de8a4d4a30b03d38e2cf4a4d"
        },
        {
          "type": "icon",
          "assetId": "EcScFoamTDgOtU",
          "checksum": "ce8c40f453919a7180c11378654ecc66"
        },
        {
          "type": "icon",
          "assetId": "kjDWVP0EP9mJVt",
          "checksum": "c586ecf1cf4a664f75000336400fa5a9"
        },
        {
          "type": "icon",
          "assetId": "mxL2ArkyjM_klQ",
          "checksum": "5a0c0b7d0257112e99ab4c3ff9ee0b9b"
        },
        {
          "type": "icon",
          "assetId": "IafRMI57d5KFF8",
          "checksum": "c8ddeb6f16e908d45111468036c9df1d"
        },
        {
          "type": "icon",
          "assetId": "275n2_r3gW2tL7",
          "checksum": "193958a749fa4b18c737da49a976e3fe"
        },
        {
          "type": "icon",
          "assetId": "HukJ_JXlKCnGeZ",
          "checksum": "60e2e766654e6d066f0abf99dbe19854"
        },
        {
          "type": "icon",
          "assetId": "dUYFriEhausTg5",
          "checksum": "0f9f97d45150b4c3f5ec0ab3091044b0"
        },
        {
          "type": "icon",
          "assetId": "4sQeVqQK147OcJ",
          "checksum": "277998589f5d31ca99c29e9a6d36bf16"
        },
        {
          "type": "icon",
          "assetId": "jFMfpdxYqWjoI-",
          "checksum": "f3174c7b4584f4e8158a83a360372862"
        },
        {
          "type": "icon",
          "assetId": "KQfqI_E6aguPaJ",
          "checksum": "f5d42f5b10aa55bd8d872da2391866aa"
        },
        {
          "type": "image",
          "assetId": "HjLGDZEPORCdeV",
          "checksum": "470e4fcce22471cc16b62c6458e0f894"
        },
        {
          "type": "image",
          "assetId": "FDfxyYdlFoVY0W",
          "checksum": "4eda3f4d763b4a6daf8e24856ed7220c"
        },
        {
          "type": "image",
          "assetId": "rYQGmjDHHV4kBy",
          "checksum": "086f0394107460355aa51bb9fb60c58a"
        },
        {
          "type": "image",
          "assetId": "ECYJsSoFKINHZb",
          "checksum": "f324bd6f313b1b402bfd51317fd719fc"
        },
        {
          "type": "image",
          "assetId": "vuv29fYiS-AJdx",
          "checksum": "334d417a54f32d150db2334d2e9f7917"
        },
        {
          "type": "image",
          "assetId": "SlILUNdeUg78oU",
          "checksum": "0c672cf3876f8b2ea57fbad7fc81f61e"
        },
        {
          "type": "image",
          "assetId": "cNVJ6pxJlHBy74",
          "checksum": "1f51c3ea8f33d84327803850b93bd6e5"
        },
        {
          "type": "image",
          "assetId": "tz8OX8jq_yeiJm",
          "checksum": "8ed84db06317d65729a3a65e6cd45083"
        },
        {
          "type": "image",
          "assetId": "VR5yptr27ohago",
          "checksum": "88fa7a80b5cb69191c99c76efb496e8c"
        },
        {
          "type": "image",
          "assetId": "2Uar56o-tmWHrt",
          "checksum": "f76cc890afd42c345209aec2463ac153"
        },
        {
          "type": "image",
          "assetId": "1sQXcPduiFzY5E",
          "checksum": "b32a5a00a50dbe0987e6f85010f33e57"
        },
        {
          "type": "image",
          "assetId": "D2Cd03NX52_aNI",
          "checksum": "98c1d094d4fe3cc94c37dee17626bed9"
        },
        {
          "type": "image",
          "assetId": "78hR08lPhgJ10_",
          "checksum": "de2189e32d19a4cc60e0c399c1a6dd8d"
        },
        {
          "type": "image",
          "assetId": "TkSSShtiOP_GeN",
          "checksum": "042d23fe7f38362ccf6ce3e4ad6dda21"
        },
        {
          "type": "image",
          "assetId": "NOFfxOSyx8kCSj",
          "checksum": "dabbb4e3b24fe9000b819348f808fc02"
        },
        {
          "type": "image",
          "assetId": "WCVGcDL-vH20cm",
          "checksum": "ef23ad07890b89f4dc27d483e1342a25"
        },
        {
          "type": "image",
          "assetId": "swBCA0WeNpaMMv",
          "checksum": "b5c3a0374a068344c947bafc4674d6c1"
        },
        {
          "type": "image",
          "assetId": "znoxvhTCfBmwVN",
          "checksum": "2b56f9ccf01d52c6ad35e3f8c45ac815"
        },
        {
          "type": "image",
          "assetId": "f0BKgK9-bXD09-",
          "checksum": "8b7c3969b092490936519eaff2420f8e"
        },
        {
          "type": "image",
          "assetId": "rpEutlXnU8eNz9",
          "checksum": "a817a8be328e02c0a2bd529ff00fc015"
        },
        {
          "type": "image",
          "assetId": "SQWq_rhFusiDZT",
          "checksum": "2f824eb7121b750fdca5e879636bb6fe"
        },
        {
          "type": "image",
          "assetId": "JOZvQq4P8EaIe_",
          "checksum": "de53c43b90b564ee82da0f3c0e8c78d1"
        },
        {
          "type": "image",
          "assetId": "ib5P5VNPrJUCF3",
          "checksum": "89a04092de2211aa7b26869badd9efe6"
        },
        {
          "type": "image",
          "assetId": "1p2F5Fo_piZ11H",
          "checksum": "f40418eaac34b046a3788544312dc445"
        },
        {
          "type": "image",
          "assetId": "93cCla17mqwxGB",
          "checksum": "6f61656e7220aae7bbf5357d75b031e2"
        },
        {
          "type": "image",
          "assetId": "Yhae0uAn_SS8ZN",
          "checksum": "fee1c64786dc2989c2ed7cab5076d1df"
        },
        {
          "type": "image",
          "assetId": "eTajPj4qSPBLMp",
          "checksum": "1de9a85cea81858dacab24c85b3f5476"
        },
        {
          "type": "image",
          "assetId": "-AbP5sbwhi4IPP",
          "checksum": "ae50c74c40f37307424c892760b10515"
        },
        {
          "type": "image",
          "assetId": "jmn8rfW1S4Pimk",
          "checksum": "815ebb042f8c7ca610833c69acaee0ee"
        },
        {
          "type": "image",
          "assetId": "oV2cpROv2MPmds",
          "checksum": "e11632bb920fa6e9e0da4865694b9f7b"
        },
        {
          "type": "image",
          "assetId": "8eJDuwuNTSiDnc",
          "checksum": "79d7ad166c1856c2fc6e8f94c978ce69"
        },
        {
          "type": "image",
          "assetId": "ED4Y9APSqwqcOa",
          "checksum": "6124bc71f3c143f433c8a3a0d5071e35"
        },
        {
          "assetId": "oEu39c8WZuPtSHP9YhujE1",
          "type": "projectCss",
          "checksum": "cd50944146b78684206dadaf8888e24f"
        }
      ],
      "codegenVersion": "0.0.1"
    }
  ],
  "cliVersion": "0.1.273"
}
